
Microsoft Visual Studio Solution File, Format Version 12.00
# Visual Studio Version 16
VisualStudioVersion = 16.0.30413.136
MinimumVisualStudioVersion = 10.0.40219.1
Project("{9A19103F-16F7-4668-BE54-9A1E7A4F7556}") = "ServiceStore.Api.Author", "ServiceStore.Api.Author\ServiceStore.Api.Author.csproj", "{DF7775C5-13F4-4130-8A29-665D3C80A316}"
EndProject
Project("{9A19103F-16F7-4668-BE54-9A1E7A4F7556}") = "ServiceStore.Api.Book", "ServiceStore.Api.Book\ServiceStore.Api.Book.csproj", "{5F23D922-B8DE-4D6E-BA23-FF9405F4261E}"
EndProject
Project("{9A19103F-16F7-4668-BE54-9A1E7A4F7556}") = "ServiceStore.Api.Shop", "ServiceStore.Api.Shop\ServiceStore.Api.Shop.csproj", "{489F65D1-D4BA-42F5-A2A9-FAEF965C1F3E}"
EndProject
Project("{FAE04EC0-301F-11D3-BF4B-00C04F79EFBC}") = "ServiceStore.Api.Book.Tests", "ServiceStore.Api.Book.Tests\ServiceStore.Api.Book.Tests.csproj", "{D72C82FE-F0F7-4F29-AB5B-299DCA1AEA50}"
EndProject
Global
	GlobalSection(SolutionConfigurationPlatforms) = preSolution
		Debug|Any CPU = Debug|Any CPU
		Release|Any CPU = Release|Any CPU
	EndGlobalSection
	GlobalSection(ProjectConfigurationPlatforms) = postSolution
		{DF7775C5-13F4-4130-8A29-665D3C80A316}.Debug|Any CPU.ActiveCfg = Debug|Any CPU
		{DF7775C5-13F4-4130-8A29-665D3C80A316}.Debug|Any CPU.Build.0 = Debug|Any CPU
		{DF7775C5-13F4-4130-8A29-665D3C80A316}.Release|Any CPU.ActiveCfg = Release|Any CPU
		{DF7775C5-13F4-4130-8A29-665D3C80A316}.Release|Any CPU.Build.0 = Release|Any CPU
		{5F23D922-B8DE-4D6E-BA23-FF9405F4261E}.Debug|Any CPU.ActiveCfg = Debug|Any CPU
		{5F23D922-B8DE-4D6E-BA23-FF9405F4261E}.Debug|Any CPU.Build.0 = Debug|Any CPU
		{5F23D922-B8DE-4D6E-BA23-FF9405F4261E}.Release|Any CPU.ActiveCfg = Release|Any CPU
		{5F23D922-B8DE-4D6E-BA23-FF9405F4261E}.Release|Any CPU.Build.0 = Release|Any CPU
		{489F65D1-D4BA-42F5-A2A9-FAEF965C1F3E}.Debug|Any CPU.ActiveCfg = Debug|Any CPU
		{489F65D1-D4BA-42F5-A2A9-FAEF965C1F3E}.Debug|Any CPU.Build.0 = Debug|Any CPU
		{489F65D1-D4BA-42F5-A2A9-FAEF965C1F3E}.Release|Any CPU.ActiveCfg = Release|Any CPU
		{489F65D1-D4BA-42F5-A2A9-FAEF965C1F3E}.Release|Any CPU.Build.0 = Release|Any CPU
		{D72C82FE-F0F7-4F29-AB5B-299DCA1AEA50}.Debug|Any CPU.ActiveCfg = Debug|Any CPU
		{D72C82FE-F0F7-4F29-AB5B-299DCA1AEA50}.Debug|Any CPU.Build.0 = Debug|Any CPU
		{D72C82FE-F0F7-4F29-AB5B-299DCA1AEA50}.Release|Any CPU.ActiveCfg = Release|Any CPU
		{D72C82FE-F0F7-4F29-AB5B-299DCA1AEA50}.Release|Any CPU.Build.0 = Release|Any CPU
	EndGlobalSection
	GlobalSection(SolutionProperties) = preSolution
		HideSolutionNode = FALSE
	EndGlobalSection
	GlobalSection(ExtensibilityGlobals) = postSolution
		SolutionGuid = {8A3D638A-CAA6-4E4A-AAC7-8F40B9566775}
	EndGlobalSection
EndGlobal
